
Microsoft Visual Studio Solution File, Format Version 12.00
# Visual Studio Version 17
VisualStudioVersion = 17.0.32014.148
MinimumVisualStudioVersion = 10.0.40219.1
Project("{FAE04EC0-301F-11D3-BF4B-00C04F79EFBC}") = "StocksBonanza.UserInterface", "StocksBonanza.Console\StocksBonanza.UserInterface.csproj", "{38C8076B-678F-4CAC-AD54-26417AF363A5}"
EndProject
Project("{FAE04EC0-301F-11D3-BF4B-00C04F79EFBC}") = "StocksBonanza.Core", "StocksBonanza.Core\StocksBonanza.Core.csproj", "{858D21CF-ED02-4091-8E32-4F77710D253E}"
EndProject
Project("{FAE04EC0-301F-11D3-BF4B-00C04F79EFBC}") = "StocksBonanza.Test", "StocksBonanza.Test\StocksBonanza.Test.csproj", "{EE694549-460E-41CE-ABEF-7357BF74964A}"
EndProject
Global
	GlobalSection(SolutionConfigurationPlatforms) = preSolution
		Debug|Any CPU = Debug|Any CPU
		Release|Any CPU = Release|Any CPU
	EndGlobalSection
	GlobalSection(ProjectConfigurationPlatforms) = postSolution
		{38C8076B-678F-4CAC-AD54-26417AF363A5}.Debug|Any CPU.ActiveCfg = Debug|Any CPU
		{38C8076B-678F-4CAC-AD54-26417AF363A5}.Debug|Any CPU.Build.0 = Debug|Any CPU
		{38C8076B-678F-4CAC-AD54-26417AF363A5}.Release|Any CPU.ActiveCfg = Release|Any CPU
		{38C8076B-678F-4CAC-AD54-26417AF363A5}.Release|Any CPU.Build.0 = Release|Any CPU
		{858D21CF-ED02-4091-8E32-4F77710D253E}.Debug|Any CPU.ActiveCfg = Debug|Any CPU
		{858D21CF-ED02-4091-8E32-4F77710D253E}.Debug|Any CPU.Build.0 = Debug|Any CPU
		{858D21CF-ED02-4091-8E32-4F77710D253E}.Release|Any CPU.ActiveCfg = Release|Any CPU
		{858D21CF-ED02-4091-8E32-4F77710D253E}.Release|Any CPU.Build.0 = Release|Any CPU
		{EE694549-460E-41CE-ABEF-7357BF74964A}.Debug|Any CPU.ActiveCfg = Debug|Any CPU
		{EE694549-460E-41CE-ABEF-7357BF74964A}.Debug|Any CPU.Build.0 = Debug|Any CPU
		{EE694549-460E-41CE-ABEF-7357BF74964A}.Release|Any CPU.ActiveCfg = Release|Any CPU
		{EE694549-460E-41CE-ABEF-7357BF74964A}.Release|Any CPU.Build.0 = Release|Any CPU
	EndGlobalSection
	GlobalSection(SolutionProperties) = preSolution
		HideSolutionNode = FALSE
	EndGlobalSection
	GlobalSection(ExtensibilityGlobals) = postSolution
		SolutionGuid = {37EA68BA-931F-4794-852A-41863C43BAA5}
	EndGlobalSection
EndGlobal
